eliasnaur.com/font v0.0.0-20230308162249-dd43949cb42d h1:ARo7NCVvN2NdhLlJE9xAbKweuI9L6UgfTbYb0YwPacY=
eliasnaur.com/font v0.0.0-20230308162249-dd43949cb42d/go.mod h1:OYVuxibdk9OSLX8vAqydtRPP87PyTFcT9uH3MlEGBQA=
gioui.org v0.8.1-0.20250223181602-72a72a2bc21a h1:s87Jhp366z1StNZmdOBu2696L6k+NQR7jFV9k8BNK88=
gioui.org v0.8.1-0.20250223181602-72a72a2bc21a/go.mod h1:JnoLsqpYezue9ZRMG7E2hOXar1/oAE9ZFkiFfF4oULs=
gioui.org/cpu v0.0.0-20210808092351-bfe733dd3334/go.mod h1:A8M0Cn5o+vY5LTMlnRoK3O5kG+rH0kWfJjeKd9QpBmQ=
gioui.org/shader v1.0.8 h1:6ks0o/A+b0ne7RzEqRZK5f4Gboz2CfG+mVliciy6+qA=
gioui.org/shader v1.0.8/go.mod h1:mWdiME581d/kV7/iEhLmUgUK5iZ09XR5XpduXzbePVM=
github.com/OpenPrinting/goipp v1.1.0 h1:AK19DwnuvCaqbF6ckT2ICe/Hc1o1sVSS+UzE59z4Dx0=
github.com/OpenPrinting/goipp v1.1.0/go.mod h1:ot2iw+QF7fVLaX+55JUNlF5YSDNiXVo2LRAv21iGcQI=
github.com/cenkalti/backoff v2.2.1+incompatible h1:tNowT99t7UNflLxfYYSlKYsBpXdEet03Pg2g16Swow4=
github.com/cenkalti/backoff v2.2.1+incompatible/go.mod h1:90ReRw6GdpyfrHakVjL/QHaoyV4aDUVVkXQJJJ3NXXM=
github.com/cespare/xxhash/v2 v2.3.0 h1:UL815xU9SqsFlibzuggzjXhog7bL6oX9BbNZnL2UFvs=
github.com/cespare/xxhash/v2 v2.3.0/go.mod h1:VGX0DQ3Q6kWi7AoAeZDth3/j3BFtOZR5XLFGgcrjCOs=
github.com/creack/pty v1.1.9/go.mod h1:oKZEueFk5CKHvIhNR5MUki03XCEU+Q6VDXinZuGJ33E=
github.com/ddkwork/golibrary v0.0.91-0.20250305161447-d6e22f9038bf h1:nV7AtFTXXLyUm5/MWlDbKJFwfkAiH7fF6brjDpisC9g=
github.com/ddkwork/golibrary v0.0.91-0.20250305161447-d6e22f9038bf/go.mod h1:gFkb1XICKQSC4gF3IGGrM6N2Jiv4/3AKOP4K0tLT0wU=
github.com/ddkwork/toolbox v0.0.0-20250305101644-ff54d4ae6db5 h1:ABW/zoPcZKfR3kb2GXcpXEUSmCX9BbCPAvGoLyX8tHw=
github.com/ddkwork/toolbox v0.0.0-20250305101644-ff54d4ae6db5/go.mod h1:QXd1ui//O5KYonRw9rl3lFhxLRtzF4U+yPDYSNlUcMo=
github.com/ebitengine/purego v0.9.0-alpha.2.0.20250211193246-e9fe9ab98c53 h1:y31FAV0LwnzpfVBd+ZDPl/LQWKnNSDWv9qy8Gakl9LM=
github.com/ebitengine/purego v0.9.0-alpha.2.0.20250211193246-e9fe9ab98c53/go.mod h1:iIjxzd6CiRiOG0UyXP+V1+jWqUXVjPKLAI0mRfJZTmQ=
github.com/go-text/typesetting v0.3.0 h1:OWCgYpp8njoxSRpwrdd1bQOxdjOXDj9Rqart9ML4iF4=
github.com/go-text/typesetting v0.3.0/go.mod h1:qjZLkhRgOEYMhU9eHBr3AR4sfnGJvOXNLt8yRAySFuY=
github.com/go-text/typesetting-utils v0.0.0-20241103174707-87a29e9e6066 h1:qCuYC+94v2xrb1PoS4NIDe7DGYtLnU2wWiQe9a1B1c0=
github.com/go-text/typesetting-utils v0.0.0-20241103174707-87a29e9e6066/go.mod h1:DDxDdQEnB70R8owOx3LVpEFvpMK9eeH1o2r0yZhFI9o=
github.com/google/go-cmp v0.7.0 h1:wk8382ETsv4JYUZwIsn6YpYiWiBsYLSJiTsyBybVuN8=
github.com/google/go-cmp v0.7.0/go.mod h1:pXiqmnSA92OHEEa9HXL2W4E7lf9JzCmGVUdgjX3N/iU=
github.com/google/uuid v1.6.0 h1:NIvaJDMOsjHA8n1jAhLSgzrAzy1Hgr+hNrb57e+94F0=
github.com/google/uuid v1.6.0/go.mod h1:TIyPZe4MgqvfeYDBFedMoGGpEw/LqOeaOT+nhxU+yHo=
github.com/grandcat/zeroconf v1.0.0 h1:uHhahLBKqwWBV6WZUDAT71044vwOTL+McW0mBJvo6kE=
github.com/grandcat/zeroconf v1.0.0/go.mod h1:lTKmG1zh86XyCoUeIHSA4FJMBwCJiQmGfcP2PdzytEs=
github.com/kr/pretty v0.3.1 h1:flRD4NNwYAUpkphVc1HcthR4KEIFJ65n8Mw5qdRn3LE=
github.com/kr/pretty v0.3.1/go.mod h1:hoEshYVHaxMs3cyo3Yncou5ZscifuDolrwPKZanG3xk=
github.com/kr/text v0.2.0 h1:5Nx0Ya0ZqY2ygV366QzturHI13Jq95ApcVaJBhpS+AY=
github.com/kr/text v0.2.0/go.mod h1:eLer722TekiGuMkidMxC/pM04lWEeraHUUmBw8l2grE=
github.com/miekg/dns v1.1.27/go.mod h1:KNUDUusw/aVsxyTYZM1oqvCicbwhgbNgztCETuNZ7xM=
github.com/miekg/dns v1.1.62 h1:cN8OuEF1/x5Rq6Np+h1epln8OiyPWV+lROx9LxcGgIQ=
github.com/miekg/dns v1.1.62/go.mod h1:mvDlcItzm+br7MToIKqkglaGhlFMHJ9DTNNWONWXbNQ=
github.com/pkg/errors v0.9.1 h1:FEBLx1zS214owpjy7qsBeixbURkuhQAwrK5UwLGTwt4=
github.com/pkg/errors v0.9.1/go.mod h1:bwawxfHBFNV+L2hUp1rHADufV3IMtnDRdf1r5NINEl0=
github.com/pkg/term v1.2.0-beta.2 h1:L3y/h2jkuBVFdWiJvNfYfKmzcCnILw7mJWm2JQuMppw=
github.com/pkg/term v1.2.0-beta.2/go.mod h1:E25nymQcrSllhX42Ok8MRm1+hyBdHY0dCeiKZ9jpNGw=
github.com/richardwilkes/json v0.3.0 h1:Rk7tgpaEudc2C+Vg5pt0idJDX8/wXqxBlt3Uz8A/oXY=
github.com/richardwilkes/json v0.3.0/go.mod h1:+7qk1QXSKh+NkY0meiJwK57rPnVRbltG3bYnt40Ak4c=
github.com/rogpeppe/go-internal v1.12.0 h1:exVL4IDcn6na9z1rAb56Vxr+CgyK3nn3O+epU5NdKM8=
github.com/rogpeppe/go-internal v1.12.0/go.mod h1:E+RYuTGaKKdloAfM02xzb0FW3Paa99yedzYV+kq4uf4=
github.com/yuin/goldmark v1.7.8 h1:iERMLn0/QJeHFhxSt3p6PeN9mGnvIKSpG9YYorDMnic=
github.com/yuin/goldmark v1.7.8/go.mod h1:uzxRWxtg69N339t3louHJ7+O03ezfj6PlliRlaOzY1E=
golang.org/x/crypto v0.0.0-20190308221718-c2843e01d9a2/go.mod h1:djNgcEr1/C05ACkg1iLfiJU5Ep61QUkGW8qpdssI0+w=
golang.org/x/crypto v0.0.0-20191011191535-87dc89f01550/go.mod h1:yigFU9vqHzYiE8UmvKecakEJjdnWj3jj499lnFckfCI=
golang.org/x/exp v0.0.0-20250228200357-dead58393ab7 h1:aWwlzYV971S4BXRS9AmqwDLAD85ouC6X+pocatKY58c=
golang.org/x/exp v0.0.0-20250228200357-dead58393ab7/go.mod h1:BHOTPb3L19zxehTsLoJXVaTktb06DFgmdW6Wb9s8jqk=
golang.org/x/exp/shiny v0.0.0-20250228200357-dead58393ab7 h1:VxTRg3kpOpYQ+S2PlDH9x2j/ZOQMxVsPgdYYRvkErNY=
golang.org/x/exp/shiny v0.0.0-20250228200357-dead58393ab7/go.mod h1:ygj7T6vSGhhm/9yTpOQQNvuAUFziTH7RUiH74EoE2C8=
golang.org/x/image v0.24.0 h1:AN7zRgVsbvmTfNyqIbbOraYL8mSwcKncEj8ofjgzcMQ=
golang.org/x/image v0.24.0/go.mod h1:4b/ITuLfqYq1hqZcjofwctIhi7sZh2WaCjvsBNjjya8=
golang.org/x/mod v0.1.1-0.20191105210325-c90efee705ee/go.mod h1:QqPTAvyqsEbceGzBzNggFXnrqF1CaUcvgkdR5Ot7KZg=
golang.org/x/mod v0.23.0 h1:Zb7khfcRGKk+kqfxFaP5tZqCnDZMjC5VtUBs87Hr6QM=
golang.org/x/mod v0.23.0/go.mod h1:6SkKJ3Xj0I0BrPOZoBy3bdMptDDU9oJrpohJ3eWZ1fY=
golang.org/x/net v0.0.0-20190404232315-eb5bcb51f2a3/go.mod h1:t9HGtf8HONx5eT2rtn7q6eTqICYqUVnKs3thJo3Qplg=
golang.org/x/net v0.0.0-20190620200207-3b0461eec859/go.mod h1:z5CRVTTTmAJ677TzLLGU+0bjPO0LkuOLi4/5GtJWs/s=
golang.org/x/net v0.0.0-20190923162816-aa69164e4478/go.mod h1:z5CRVTTTmAJ677TzLLGU+0bjPO0LkuOLi4/5GtJWs/s=
golang.org/x/net v0.0.0-20200114155413-6afb5195e5aa/go.mod h1:z5CRVTTTmAJ677TzLLGU+0bjPO0LkuOLi4/5GtJWs/s=
golang.org/x/net v0.35.0 h1:T5GQRQb2y08kTAByq9L4/bz8cipCdA8FbRTXewonqY8=
golang.org/x/net v0.35.0/go.mod h1:EglIi67kWsHKlRzzVMUD93VMSWGFOMSZgxFjparz1Qk=
golang.org/x/sync v0.0.0-20190423024810-112230192c58/go.mod h1:RxMgew5VJxzue5/jJTE5uejpjVlOe/izrB70Jof72aM=
golang.org/x/sync v0.11.0 h1:GGz8+XQP4FvTTrjZPzNKTMFtSXH80RAzG+5ghFPgK9w=
golang.org/x/sync v0.11.0/go.mod h1:Czt+wKu1gCyEFDUtn0jG5QVvpJ6rzVqr5aXyt9drQfk=
golang.org/x/sys v0.0.0-20190215142949-d0b11bdaac8a/go.mod h1:STP8DvDyc/dI5b8T5hshtkjS+E42TnysNCUPdjciGhY=
golang.org/x/sys v0.0.0-20190412213103-97732733099d/go.mod h1:h1NjWce9XRLGQEsW7wpKNCjG9DtNlClVuFLEZdDNbEs=
golang.org/x/sys v0.0.0-20190924154521-2837fb4f24fe/go.mod h1:h1NjWce9XRLGQEsW7wpKNCjG9DtNlClVuFLEZdDNbEs=
golang.org/x/sys v0.0.0-20200909081042-eff7692f9009/go.mod h1:h1NjWce9XRLGQEsW7wpKNCjG9DtNlClVuFLEZdDNbEs=
golang.org/x/sys v0.30.0 h1:QjkSwP/36a20jFYWkSue1YwXzLmsV5Gfq7Eiy72C1uc=
golang.org/x/sys v0.30.0/go.mod h1:/VUhepiaJMQUp4+oa/7Zr1D23ma6VTLIYjOOTFZPUcA=
golang.org/x/text v0.3.0/go.mod h1:NqM8EUOU14njkJ3fqMW+pc6Ldnwhi/IjpwHt7yyuwOQ=
golang.org/x/text v0.22.0 h1:bofq7m3/HAFvbF51jz3Q9wLg3jkvSPuiZu/pD1XwgtM=
golang.org/x/text v0.22.0/go.mod h1:YRoo4H8PVmsu+E3Ou7cqLVH8oXWIHVoX0jqUWALQhfY=
golang.org/x/tools v0.0.0-20191216052735-49a3e744a425/go.mod h1:TB2adYChydJhpapKDTa4BR/hXlZSLoq2Wpct/0txZ28=
golang.org/x/tools v0.30.0 h1:BgcpHewrV5AUp2G9MebG4XPFI1E2W41zU1SaqVA9vJY=
golang.org/x/tools v0.30.0/go.mod h1:c347cR/OJfw5TI+GfX7RUPNMdDRRbjvYTS0jPyvsVtY=
golang.org/x/xerrors v0.0.0-20191011141410-1b5146add898/go.mod h1:I/5z698sn9Ka8TeJc9MKroUUfqBBauWjQqLJ2OPfmY0=
gopkg.in/check.v1 v0.0.0-20161208181325-20d25e280405/go.mod h1:Co6ibVJAznAaIkqp8huTwlJQCZ016jof/cbN4VW5Yz0=
gopkg.in/check.v1 v1.0.0-20201130134442-10cb98267c6c h1:Hei/4ADfdWqJk1ZMxUNpqntNwaWcugrBjAiHlqqRiVk=
gopkg.in/check.v1 v1.0.0-20201130134442-10cb98267c6c/go.mod h1:JHkPIbrfpd72SG/EVd6muEfDQjcINNoR0C8j2r3qZ4Q=
gopkg.in/yaml.v3 v3.0.1 h1:fxVm/GzAzEWqLHuvctI91KS9hhNmmWOoWu0XTYJS7CA=
gopkg.in/yaml.v3 v3.0.1/go.mod h1:K4uyk7z7BCEPqu6E+C64Yfv1cQ7kz7rIZviUmN+EgEM=
